
Microsoft Visual Studio Solution File, Format Version 12.00
# Visual Studio 15
VisualStudioVersion = 15.0.28307.106
MinimumVisualStudioVersion = 10.0.40219.1
Project("{FAE04EC0-301F-11D3-BF4B-00C04F79EFBC}") = "Secao05.Android", "Secao05\Secao05.Android\Secao05.Android.csproj", "{2FD0FF2A-2CED-4817-9F5D-66BE517F4D01}"
EndProject
Project("{FAE04EC0-301F-11D3-BF4B-00C04F79EFBC}") = "Secao05.iOS", "Secao05\Secao05.iOS\Secao05.iOS.csproj", "{75CC790B-29EE-4896-AE8D-9C0D7C003FC3}"
EndProject
Project("{FAE04EC0-301F-11D3-BF4B-00C04F79EFBC}") = "Secao05", "Secao05\Secao05\Secao05.csproj", "{894707D3-AD1D-43BA-AD12-497617DDF143}"
EndProject
Global
	GlobalSection(SolutionConfigurationPlatforms) = preSolution
		Ad-Hoc|Any CPU = Ad-Hoc|Any CPU
		Ad-Hoc|iPhone = Ad-Hoc|iPhone
		Ad-Hoc|iPhoneSimulator = Ad-Hoc|iPhoneSimulator
		AppStore|Any CPU = AppStore|Any CPU
		AppStore|iPhone = AppStore|iPhone
		AppStore|iPhoneSimulator = AppStore|iPhoneSimulator
		Debug|Any CPU = Debug|Any CPU
		Debug|iPhone = Debug|iPhone
		Debug|iPhoneSimulator = Debug|iPhoneSimulator
		Release|Any CPU = Release|Any CPU
		Release|iPhone = Release|iPhone
		Release|iPhoneSimulator = Release|iPhoneSimulator
	EndGlobalSection
	GlobalSection(ProjectConfigurationPlatforms) = postSolution
		{2FD0FF2A-2CED-4817-9F5D-66BE517F4D01}.Ad-Hoc|Any CPU.ActiveCfg = Release|Any CPU
		{2FD0FF2A-2CED-4817-9F5D-66BE517F4D01}.Ad-Hoc|Any CPU.Build.0 = Release|Any CPU
		{2FD0FF2A-2CED-4817-9F5D-66BE517F4D01}.Ad-Hoc|Any CPU.Deploy.0 = Release|Any CPU
		{2FD0FF2A-2CED-4817-9F5D-66BE517F4D01}.Ad-Hoc|iPhone.ActiveCfg = Release|Any CPU
		{2FD0FF2A-2CED-4817-9F5D-66BE517F4D01}.Ad-Hoc|iPhone.Build.0 = Release|Any CPU
		{2FD0FF2A-2CED-4817-9F5D-66BE517F4D01}.Ad-Hoc|iPhone.Deploy.0 = Release|Any CPU
		{2FD0FF2A-2CED-4817-9F5D-66BE517F4D01}.Ad-Hoc|iPhoneSimulator.ActiveCfg = Release|Any CPU
		{2FD0FF2A-2CED-4817-9F5D-66BE517F4D01}.Ad-Hoc|iPhoneSimulator.Build.0 = Release|Any CPU
		{2FD0FF2A-2CED-4817-9F5D-66BE517F4D01}.Ad-Hoc|iPhoneSimulator.Deploy.0 = Release|Any CPU
		{2FD0FF2A-2CED-4817-9F5D-66BE517F4D01}.AppStore|Any CPU.ActiveCfg = Release|Any CPU
		{2FD0FF2A-2CED-4817-9F5D-66BE517F4D01}.AppStore|Any CPU.Build.0 = Release|Any CPU
		{2FD0FF2A-2CED-4817-9F5D-66BE517F4D01}.AppStore|Any CPU.Deploy.0 = Release|Any CPU
		{2FD0FF2A-2CED-4817-9F5D-66BE517F4D01}.AppStore|iPhone.ActiveCfg = Release|Any CPU
		{2FD0FF2A-2CED-4817-9F5D-66BE517F4D01}.AppStore|iPhone.Build.0 = Release|Any CPU
		{2FD0FF2A-2CED-4817-9F5D-66BE517F4D01}.AppStore|iPhone.Deploy.0 = Release|Any CPU
		{2FD0FF2A-2CED-4817-9F5D-66BE517F4D01}.AppStore|iPhoneSimulator.ActiveCfg = Release|Any CPU
		{2FD0FF2A-2CED-4817-9F5D-66BE517F4D01}.AppStore|iPhoneSimulator.Build.0 = Release|Any CPU
		{2FD0FF2A-2CED-4817-9F5D-66BE517F4D01}.AppStore|iPhoneSimulator.Deploy.0 = Release|Any CPU
		{2FD0FF2A-2CED-4817-9F5D-66BE517F4D01}.Debug|Any CPU.ActiveCfg = Debug|Any CPU
		{2FD0FF2A-2CED-4817-9F5D-66BE517F4D01}.Debug|Any CPU.Build.0 = Debug|Any CPU
		{2FD0FF2A-2CED-4817-9F5D-66BE517F4D01}.Debug|Any CPU.Deploy.0 = Debug|Any CPU
		{2FD0FF2A-2CED-4817-9F5D-66BE517F4D01}.Debug|iPhone.ActiveCfg = Debug|Any CPU
		{2FD0FF2A-2CED-4817-9F5D-66BE517F4D01}.Debug|iPhone.Build.0 = Debug|Any CPU
		{2FD0FF2A-2CED-4817-9F5D-66BE517F4D01}.Debug|iPhone.Deploy.0 = Debug|Any CPU
		{2FD0FF2A-2CED-4817-9F5D-66BE517F4D01}.Debug|iPhoneSimulator.ActiveCfg = Debug|Any CPU
		{2FD0FF2A-2CED-4817-9F5D-66BE517F4D01}.Debug|iPhoneSimulator.Build.0 = Debug|Any CPU
		{2FD0FF2A-2CED-4817-9F5D-66BE517F4D01}.Debug|iPhoneSimulator.Deploy.0 = Debug|Any CPU
		{2FD0FF2A-2CED-4817-9F5D-66BE517F4D01}.Release|Any CPU.ActiveCfg = Release|Any CPU
		{2FD0FF2A-2CED-4817-9F5D-66BE517F4D01}.Release|Any CPU.Build.0 = Release|Any CPU
		{2FD0FF2A-2CED-4817-9F5D-66BE517F4D01}.Release|Any CPU.Deploy.0 = Release|Any CPU
		{2FD0FF2A-2CED-4817-9F5D-66BE517F4D01}.Release|iPhone.ActiveCfg = Release|Any CPU
		{2FD0FF2A-2CED-4817-9F5D-66BE517F4D01}.Release|iPhone.Build.0 = Release|Any CPU
		{2FD0FF2A-2CED-4817-9F5D-66BE517F4D01}.Release|iPhone.Deploy.0 = Release|Any CPU
		{2FD0FF2A-2CED-4817-9F5D-66BE517F4D01}.Release|iPhoneSimulator.ActiveCfg = Release|Any CPU
		{2FD0FF2A-2CED-4817-9F5D-66BE517F4D01}.Release|iPhoneSimulator.Build.0 = Release|Any CPU
		{2FD0FF2A-2CED-4817-9F5D-66BE517F4D01}.Release|iPhoneSimulator.Deploy.0 = Release|Any CPU
		{75CC790B-29EE-4896-AE8D-9C0D7C003FC3}.Ad-Hoc|Any CPU.ActiveCfg = Ad-Hoc|iPhone
		{75CC790B-29EE-4896-AE8D-9C0D7C003FC3}.Ad-Hoc|Any CPU.Build.0 = Ad-Hoc|iPhone
		{75CC790B-29EE-4896-AE8D-9C0D7C003FC3}.Ad-Hoc|Any CPU.Deploy.0 = Ad-Hoc|iPhone
		{75CC790B-29EE-4896-AE8D-9C0D7C003FC3}.Ad-Hoc|iPhone.ActiveCfg = Ad-Hoc|iPhone
		{75CC790B-29EE-4896-AE8D-9C0D7C003FC3}.Ad-Hoc|iPhone.Build.0 = Ad-Hoc|iPhone
		{75CC790B-29EE-4896-AE8D-9C0D7C003FC3}.Ad-Hoc|iPhone.Deploy.0 = Ad-Hoc|iPhone
		{75CC790B-29EE-4896-AE8D-9C0D7C003FC3}.Ad-Hoc|iPhoneSimulator.ActiveCfg = Ad-Hoc|iPhoneSimulator
		{75CC790B-29EE-4896-AE8D-9C0D7C003FC3}.Ad-Hoc|iPhoneSimulator.Build.0 = Ad-Hoc|iPhoneSimulator
		{75CC790B-29EE-4896-AE8D-9C0D7C003FC3}.Ad-Hoc|iPhoneSimulator.Deploy.0 = Ad-Hoc|iPhoneSimulator
		{75CC790B-29EE-4896-AE8D-9C0D7C003FC3}.AppStore|Any CPU.ActiveCfg = AppStore|iPhone
		{75CC790B-29EE-4896-AE8D-9C0D7C003FC3}.AppStore|Any CPU.Build.0 = AppStore|iPhone
		{75CC790B-29EE-4896-AE8D-9C0D7C003FC3}.AppStore|Any CPU.Deploy.0 = AppStore|iPhone
		{75CC790B-29EE-4896-AE8D-9C0D7C003FC3}.AppStore|iPhone.ActiveCfg = AppStore|iPhone
		{75CC790B-29EE-4896-AE8D-9C0D7C003FC3}.AppStore|iPhone.Build.0 = AppStore|iPhone
		{75CC790B-29EE-4896-AE8D-9C0D7C003FC3}.AppStore|iPhone.Deploy.0 = AppStore|iPhone
		{75CC790B-29EE-4896-AE8D-9C0D7C003FC3}.AppStore|iPhoneSimulator.ActiveCfg = AppStore|iPhoneSimulator
		{75CC790B-29EE-4896-AE8D-9C0D7C003FC3}.AppStore|iPhoneSimulator.Build.0 = AppStore|iPhoneSimulator
		{75CC790B-29EE-4896-AE8D-9C0D7C003FC3}.AppStore|iPhoneSimulator.Deploy.0 = AppStore|iPhoneSimulator
		{75CC790B-29EE-4896-AE8D-9C0D7C003FC3}.Debug|Any CPU.ActiveCfg = Debug|iPhoneSimulator
		{75CC790B-29EE-4896-AE8D-9C0D7C003FC3}.Debug|Any CPU.Build.0 = Debug|iPhoneSimulator
		{75CC790B-29EE-4896-AE8D-9C0D7C003FC3}.Debug|Any CPU.Deploy.0 = Debug|iPhoneSimulator
		{75CC790B-29EE-4896-AE8D-9C0D7C003FC3}.Debug|iPhone.ActiveCfg = Debug|iPhone
		{75CC790B-29EE-4896-AE8D-9C0D7C003FC3}.Debug|iPhone.Build.0 = Debug|iPhone
		{75CC790B-29EE-4896-AE8D-9C0D7C003FC3}.Debug|iPhone.Deploy.0 = Debug|iPhone
		{75CC790B-29EE-4896-AE8D-9C0D7C003FC3}.Debug|iPhoneSimulator.ActiveCfg = Debug|iPhoneSimulator
		{75CC790B-29EE-4896-AE8D-9C0D7C003FC3}.Debug|iPhoneSimulator.Build.0 = Debug|iPhoneSimulator
		{75CC790B-29EE-4896-AE8D-9C0D7C003FC3}.Debug|iPhoneSimulator.Deploy.0 = Debug|iPhoneSimulator
		{75CC790B-29EE-4896-AE8D-9C0D7C003FC3}.Release|Any CPU.ActiveCfg = Release|iPhone
		{75CC790B-29EE-4896-AE8D-9C0D7C003FC3}.Release|Any CPU.Build.0 = Release|iPhone
		{75CC790B-29EE-4896-AE8D-9C0D7C003FC3}.Release|Any CPU.Deploy.0 = Release|iPhone
		{75CC790B-29EE-4896-AE8D-9C0D7C003FC3}.Release|iPhone.ActiveCfg = Release|iPhone
		{75CC790B-29EE-4896-AE8D-9C0D7C003FC3}.Release|iPhone.Build.0 = Release|iPhone
		{75CC790B-29EE-4896-AE8D-9C0D7C003FC3}.Release|iPhone.Deploy.0 = Release|iPhone
		{75CC790B-29EE-4896-AE8D-9C0D7C003FC3}.Release|iPhoneSimulator.ActiveCfg = Release|iPhoneSimulator
		{75CC790B-29EE-4896-AE8D-9C0D7C003FC3}.Release|iPhoneSimulator.Build.0 = Release|iPhoneSimulator
		{75CC790B-29EE-4896-AE8D-9C0D7C003FC3}.Release|iPhoneSimulator.Deploy.0 = Release|iPhoneSimulator
		{894707D3-AD1D-43BA-AD12-497617DDF143}.Ad-Hoc|Any CPU.ActiveCfg = Debug|Any CPU
		{894707D3-AD1D-43BA-AD12-497617DDF143}.Ad-Hoc|Any CPU.Build.0 = Debug|Any CPU
		{894707D3-AD1D-43BA-AD12-497617DDF143}.Ad-Hoc|Any CPU.Deploy.0 = Debug|Any CPU
		{894707D3-AD1D-43BA-AD12-497617DDF143}.Ad-Hoc|iPhone.ActiveCfg = Debug|Any CPU
		{894707D3-AD1D-43BA-AD12-497617DDF143}.Ad-Hoc|iPhone.Build.0 = Debug|Any CPU
		{894707D3-AD1D-43BA-AD12-497617DDF143}.Ad-Hoc|iPhone.Deploy.0 = Debug|Any CPU
		{894707D3-AD1D-43BA-AD12-497617DDF143}.Ad-Hoc|iPhoneSimulator.ActiveCfg = Debug|Any CPU
		{894707D3-AD1D-43BA-AD12-497617DDF143}.Ad-Hoc|iPhoneSimulator.Build.0 = Debug|Any CPU
		{894707D3-AD1D-43BA-AD12-497617DDF143}.Ad-Hoc|iPhoneSimulator.Deploy.0 = Debug|Any CPU
		{894707D3-AD1D-43BA-AD12-497617DDF143}.AppStore|Any CPU.ActiveCfg = Debug|Any CPU
		{894707D3-AD1D-43BA-AD12-497617DDF143}.AppStore|Any CPU.Build.0 = Debug|Any CPU
		{894707D3-AD1D-43BA-AD12-497617DDF143}.AppStore|Any CPU.Deploy.0 = Debug|Any CPU
		{894707D3-AD1D-43BA-AD12-497617DDF143}.AppStore|iPhone.ActiveCfg = Debug|Any CPU
		{894707D3-AD1D-43BA-AD12-497617DDF143}.AppStore|iPhone.Build.0 = Debug|Any CPU
		{894707D3-AD1D-43BA-AD12-497617DDF143}.AppStore|iPhone.Deploy.0 = Debug|Any CPU
		{894707D3-AD1D-43BA-AD12-497617DDF143}.AppStore|iPhoneSimulator.ActiveCfg = Debug|Any CPU
		{894707D3-AD1D-43BA-AD12-497617DDF143}.AppStore|iPhoneSimulator.Build.0 = Debug|Any CPU
		{894707D3-AD1D-43BA-AD12-497617DDF143}.AppStore|iPhoneSimulator.Deploy.0 = Debug|Any CPU
		{894707D3-AD1D-43BA-AD12-497617DDF143}.Debug|Any CPU.ActiveCfg = Debug|Any CPU
		{894707D3-AD1D-43BA-AD12-497617DDF143}.Debug|Any CPU.Build.0 = Debug|Any CPU
		{894707D3-AD1D-43BA-AD12-497617DDF143}.Debug|Any CPU.Deploy.0 = Debug|Any CPU
		{894707D3-AD1D-43BA-AD12-497617DDF143}.Debug|iPhone.ActiveCfg = Debug|Any CPU
		{894707D3-AD1D-43BA-AD12-497617DDF143}.Debug|iPhone.Build.0 = Debug|Any CPU
		{894707D3-AD1D-43BA-AD12-497617DDF143}.Debug|iPhone.Deploy.0 = Debug|Any CPU
		{894707D3-AD1D-43BA-AD12-497617DDF143}.Debug|iPhoneSimulator.ActiveCfg = Debug|Any CPU
		{894707D3-AD1D-43BA-AD12-497617DDF143}.Debug|iPhoneSimulator.Build.0 = Debug|Any CPU
		{894707D3-AD1D-43BA-AD12-497617DDF143}.Debug|iPhoneSimulator.Deploy.0 = Debug|Any CPU
		{894707D3-AD1D-43BA-AD12-497617DDF143}.Release|Any CPU.ActiveCfg = Release|Any CPU
		{894707D3-AD1D-43BA-AD12-497617DDF143}.Release|Any CPU.Build.0 = Release|Any CPU
		{894707D3-AD1D-43BA-AD12-497617DDF143}.Release|Any CPU.Deploy.0 = Release|Any CPU
		{894707D3-AD1D-43BA-AD12-497617DDF143}.Release|iPhone.ActiveCfg = Release|Any CPU
		{894707D3-AD1D-43BA-AD12-497617DDF143}.Release|iPhone.Build.0 = Release|Any CPU
		{894707D3-AD1D-43BA-AD12-497617DDF143}.Release|iPhone.Deploy.0 = Release|Any CPU
		{894707D3-AD1D-43BA-AD12-497617DDF143}.Release|iPhoneSimulator.ActiveCfg = Release|Any CPU
		{894707D3-AD1D-43BA-AD12-497617DDF143}.Release|iPhoneSimulator.Build.0 = Release|Any CPU
		{894707D3-AD1D-43BA-AD12-497617DDF143}.Release|iPhoneSimulator.Deploy.0 = Release|Any CPU
	EndGlobalSection
	GlobalSection(SolutionProperties) = preSolution
		HideSolutionNode = FALSE
	EndGlobalSection
	GlobalSection(ExtensibilityGlobals) = postSolution
		SolutionGuid = {BC0B28A4-DACF-4121-924E-EF3F89A92525}
	EndGlobalSection
EndGlobal
